
Microsoft Visual Studio Solution File, Format Version 11.00
# Visual Studio 2010
Project("{2150E333-8FDC-42A3-9474-1A3956D46DE8}") = "lib", "lib", "{B16CEF72-59A2-45F9-A26F-31A829DF9672}"
EndProject
Project("{8BC9CEB8-8B4A-11D0-8D11-00A0C91BC942}") = "core", "lib\core\core.vcxproj", "{0F89DD96-E037-4EBF-8B25-1C857A5A6454}"
EndProject
Project("{2150E333-8FDC-42A3-9474-1A3956D46DE8}") = "3rd", "3rd", "{98F09C55-423C-4AEC-BC80-75EA772F6691}"
EndProject
Project("{8BC9CEB8-8B4A-11D0-8D11-00A0C91BC942}") = "bson", "lib\3rd\bson\bson.vcxproj", "{E5823452-E7CD-41F3-8223-2E7C788772A6}"
EndProject
Project("{8BC9CEB8-8B4A-11D0-8D11-00A0C91BC942}") = "lua", "lib\3rd\lua\lua.vcxproj", "{676123CA-0CE1-4882-A1E1-2F543AE9CAF5}"
EndProject
Project("{8BC9CEB8-8B4A-11D0-8D11-00A0C91BC942}") = "rapidjson", "lib\3rd\rapidjson\rapidjson.vcxproj", "{BB1DD034-48FF-46AA-A2E1-E451F4154E40}"
EndProject
Project("{8BC9CEB8-8B4A-11D0-8D11-00A0C91BC942}") = "fish", "fish\fish.vcxproj", "{66CF4D91-C0D8-4567-B7DC-B45311968ACD}"
EndProject
Project("{8BC9CEB8-8B4A-11D0-8D11-00A0C91BC942}") = "cjson", "lib\3rd\cjson\cjson.vcxproj", "{8555C3E5-F71A-4EAC-9B16-01308184317D}"
EndProject
Project("{8BC9CEB8-8B4A-11D0-8D11-00A0C91BC942}") = "lpeg", "lib\3rd\lpeg\lpeg.vcxproj", "{ADFFFB1A-9D0C-4DEF-8A39-8114E4B590D0}"
EndProject
Project("{8BC9CEB8-8B4A-11D0-8D11-00A0C91BC942}") = "LuaBridge", "lib\3rd\LuaBridge\LuaBridge.vcxproj", "{E0CA5708-4DE0-4A20-98A3-B78610CEC8A9}"
EndProject
Project("{8BC9CEB8-8B4A-11D0-8D11-00A0C91BC942}") = "pbc", "lib\3rd\pbc\pbc.vcxproj", "{82356F33-956B-4931-9977-BD7994B1C761}"
EndProject
Project("{8BC9CEB8-8B4A-11D0-8D11-00A0C91BC942}") = "luafilesystem", "lib\3rd\luafilesystem\luafilesystem.vcxproj", "{2100A70F-D648-41C5-9CF6-2F8AA1F16F6B}"
EndProject
Project("{8BC9CEB8-8B4A-11D0-8D11-00A0C91BC942}") = "protobuf", "lib\3rd\protobuf\protobuf.vcxproj", "{AE979B64-0EA9-4D90-A105-508BE1B96BB0}"
EndProject
Project("{8BC9CEB8-8B4A-11D0-8D11-00A0C91BC942}") = "serialize", "lib\3rd\serialize\serialize.vcxproj", "{A36B7FAD-D97C-47E6-B388-05B01F0C2367}"
EndProject
Global
	GlobalSection(SolutionConfigurationPlatforms) = preSolution
		Debug|Win32 = Debug|Win32
		Release|Win32 = Release|Win32
	EndGlobalSection
	GlobalSection(ProjectConfigurationPlatforms) = postSolution
		{0F89DD96-E037-4EBF-8B25-1C857A5A6454}.Debug|Win32.ActiveCfg = Debug|Win32
		{0F89DD96-E037-4EBF-8B25-1C857A5A6454}.Debug|Win32.Build.0 = Debug|Win32
		{0F89DD96-E037-4EBF-8B25-1C857A5A6454}.Release|Win32.ActiveCfg = Release|Win32
		{0F89DD96-E037-4EBF-8B25-1C857A5A6454}.Release|Win32.Build.0 = Release|Win32
		{E5823452-E7CD-41F3-8223-2E7C788772A6}.Debug|Win32.ActiveCfg = Debug|Win32
		{E5823452-E7CD-41F3-8223-2E7C788772A6}.Debug|Win32.Build.0 = Debug|Win32
		{E5823452-E7CD-41F3-8223-2E7C788772A6}.Release|Win32.ActiveCfg = Release|Win32
		{E5823452-E7CD-41F3-8223-2E7C788772A6}.Release|Win32.Build.0 = Release|Win32
		{676123CA-0CE1-4882-A1E1-2F543AE9CAF5}.Debug|Win32.ActiveCfg = Debug|Win32
		{676123CA-0CE1-4882-A1E1-2F543AE9CAF5}.Debug|Win32.Build.0 = Debug|Win32
		{676123CA-0CE1-4882-A1E1-2F543AE9CAF5}.Release|Win32.ActiveCfg = Release|Win32
		{676123CA-0CE1-4882-A1E1-2F543AE9CAF5}.Release|Win32.Build.0 = Release|Win32
		{BB1DD034-48FF-46AA-A2E1-E451F4154E40}.Debug|Win32.ActiveCfg = Debug|Win32
		{BB1DD034-48FF-46AA-A2E1-E451F4154E40}.Debug|Win32.Build.0 = Debug|Win32
		{BB1DD034-48FF-46AA-A2E1-E451F4154E40}.Release|Win32.ActiveCfg = Release|Win32
		{BB1DD034-48FF-46AA-A2E1-E451F4154E40}.Release|Win32.Build.0 = Release|Win32
		{66CF4D91-C0D8-4567-B7DC-B45311968ACD}.Debug|Win32.ActiveCfg = Debug|Win32
		{66CF4D91-C0D8-4567-B7DC-B45311968ACD}.Debug|Win32.Build.0 = Debug|Win32
		{66CF4D91-C0D8-4567-B7DC-B45311968ACD}.Release|Win32.ActiveCfg = Release|Win32
		{66CF4D91-C0D8-4567-B7DC-B45311968ACD}.Release|Win32.Build.0 = Release|Win32
		{8555C3E5-F71A-4EAC-9B16-01308184317D}.Debug|Win32.ActiveCfg = Debug|Win32
		{8555C3E5-F71A-4EAC-9B16-01308184317D}.Debug|Win32.Build.0 = Debug|Win32
		{8555C3E5-F71A-4EAC-9B16-01308184317D}.Release|Win32.ActiveCfg = Release|Win32
		{8555C3E5-F71A-4EAC-9B16-01308184317D}.Release|Win32.Build.0 = Release|Win32
		{ADFFFB1A-9D0C-4DEF-8A39-8114E4B590D0}.Debug|Win32.ActiveCfg = Debug|Win32
		{ADFFFB1A-9D0C-4DEF-8A39-8114E4B590D0}.Debug|Win32.Build.0 = Debug|Win32
		{ADFFFB1A-9D0C-4DEF-8A39-8114E4B590D0}.Release|Win32.ActiveCfg = Release|Win32
		{ADFFFB1A-9D0C-4DEF-8A39-8114E4B590D0}.Release|Win32.Build.0 = Release|Win32
		{E0CA5708-4DE0-4A20-98A3-B78610CEC8A9}.Debug|Win32.ActiveCfg = Debug|Win32
		{E0CA5708-4DE0-4A20-98A3-B78610CEC8A9}.Debug|Win32.Build.0 = Debug|Win32
		{E0CA5708-4DE0-4A20-98A3-B78610CEC8A9}.Release|Win32.ActiveCfg = Release|Win32
		{E0CA5708-4DE0-4A20-98A3-B78610CEC8A9}.Release|Win32.Build.0 = Release|Win32
		{82356F33-956B-4931-9977-BD7994B1C761}.Debug|Win32.ActiveCfg = Debug|Win32
		{82356F33-956B-4931-9977-BD7994B1C761}.Debug|Win32.Build.0 = Debug|Win32
		{82356F33-956B-4931-9977-BD7994B1C761}.Release|Win32.ActiveCfg = Release|Win32
		{82356F33-956B-4931-9977-BD7994B1C761}.Release|Win32.Build.0 = Release|Win32
		{2100A70F-D648-41C5-9CF6-2F8AA1F16F6B}.Debug|Win32.ActiveCfg = Debug|Win32
		{2100A70F-D648-41C5-9CF6-2F8AA1F16F6B}.Debug|Win32.Build.0 = Debug|Win32
		{2100A70F-D648-41C5-9CF6-2F8AA1F16F6B}.Release|Win32.ActiveCfg = Release|Win32
		{2100A70F-D648-41C5-9CF6-2F8AA1F16F6B}.Release|Win32.Build.0 = Release|Win32
		{AE979B64-0EA9-4D90-A105-508BE1B96BB0}.Debug|Win32.ActiveCfg = Debug|Win32
		{AE979B64-0EA9-4D90-A105-508BE1B96BB0}.Debug|Win32.Build.0 = Debug|Win32
		{AE979B64-0EA9-4D90-A105-508BE1B96BB0}.Release|Win32.ActiveCfg = Release|Win32
		{AE979B64-0EA9-4D90-A105-508BE1B96BB0}.Release|Win32.Build.0 = Release|Win32
		{A36B7FAD-D97C-47E6-B388-05B01F0C2367}.Debug|Win32.ActiveCfg = Debug|Win32
		{A36B7FAD-D97C-47E6-B388-05B01F0C2367}.Debug|Win32.Build.0 = Debug|Win32
		{A36B7FAD-D97C-47E6-B388-05B01F0C2367}.Release|Win32.ActiveCfg = Release|Win32
		{A36B7FAD-D97C-47E6-B388-05B01F0C2367}.Release|Win32.Build.0 = Release|Win32
	EndGlobalSection
	GlobalSection(SolutionProperties) = preSolution
		HideSolutionNode = FALSE
	EndGlobalSection
	GlobalSection(NestedProjects) = preSolution
		{0F89DD96-E037-4EBF-8B25-1C857A5A6454} = {B16CEF72-59A2-45F9-A26F-31A829DF9672}
		{98F09C55-423C-4AEC-BC80-75EA772F6691} = {B16CEF72-59A2-45F9-A26F-31A829DF9672}
		{E5823452-E7CD-41F3-8223-2E7C788772A6} = {98F09C55-423C-4AEC-BC80-75EA772F6691}
		{676123CA-0CE1-4882-A1E1-2F543AE9CAF5} = {98F09C55-423C-4AEC-BC80-75EA772F6691}
		{BB1DD034-48FF-46AA-A2E1-E451F4154E40} = {98F09C55-423C-4AEC-BC80-75EA772F6691}
		{8555C3E5-F71A-4EAC-9B16-01308184317D} = {98F09C55-423C-4AEC-BC80-75EA772F6691}
		{ADFFFB1A-9D0C-4DEF-8A39-8114E4B590D0} = {98F09C55-423C-4AEC-BC80-75EA772F6691}
		{E0CA5708-4DE0-4A20-98A3-B78610CEC8A9} = {98F09C55-423C-4AEC-BC80-75EA772F6691}
		{82356F33-956B-4931-9977-BD7994B1C761} = {98F09C55-423C-4AEC-BC80-75EA772F6691}
		{2100A70F-D648-41C5-9CF6-2F8AA1F16F6B} = {98F09C55-423C-4AEC-BC80-75EA772F6691}
		{AE979B64-0EA9-4D90-A105-508BE1B96BB0} = {98F09C55-423C-4AEC-BC80-75EA772F6691}
		{A36B7FAD-D97C-47E6-B388-05B01F0C2367} = {98F09C55-423C-4AEC-BC80-75EA772F6691}
	EndGlobalSection
EndGlobal
