<?xml version="1.0" encoding="utf-8"?>
<Project ToolsVersion="4.0" xmlns="http://schemas.microsoft.com/developer/msbuild/2003">
  <ItemGroup>
    <Filter Include="源文件">
      <UniqueIdentifier>{4FC737F1-C7A5-4376-A066-2A32D752A2FF}</UniqueIdentifier>
      <Extensions>cpp;c;cc;cxx;def;odl;idl;hpj;bat;asm;asmx</Extensions>
    </Filter>
    <Filter Include="头文件">
      <UniqueIdentifier>{93995380-89BD-4b04-88EB-625FBE52EBFB}</UniqueIdentifier>
      <Extensions>h;hh;hpp;hxx;hm;inl;inc;xsd</Extensions>
    </Filter>
    <Filter Include="资源文件">
      <UniqueIdentifier>{67DA6AB6-F800-4c08-8B7A-83BB121AAD01}</UniqueIdentifier>
      <Extensions>rc;ico;cur;bmp;dlg;rc2;rct;bin;rgs;gif;jpg;jpeg;jpe;resx;tiff;tif;png;wav;mfcribbon-ms</Extensions>
    </Filter>
  </ItemGroup>
  <ItemGroup>
    <ClInclude Include="network\Channel.h">
      <Filter>头文件</Filter>
    </ClInclude>
    <ClInclude Include="network\Acceptor.h">
      <Filter>头文件</Filter>
    </ClInclude>
    <ClInclude Include="network\Network.h">
      <Filter>头文件</Filter>
    </ClInclude>
    <ClInclude Include="network\Connector.h">
      <Filter>头文件</Filter>
    </ClInclude>
    <ClInclude Include="network\EventPoller.h">
      <Filter>头文件</Filter>
    </ClInclude>
    <ClInclude Include="network\Reader.h">
      <Filter>头文件</Filter>
    </ClInclude>
    <ClInclude Include="Typedef.h">
      <Filter>头文件</Filter>
    </ClInclude>
    <ClInclude Include="ServerApp.h">
      <Filter>头文件</Filter>
    </ClInclude>
    <ClInclude Include="time\Timer.h">
      <Filter>头文件</Filter>
    </ClInclude>
    <ClInclude Include="time\Timestamp.h">
      <Filter>头文件</Filter>
    </ClInclude>
    <ClInclude Include="thread\Mutex.h">
      <Filter>头文件</Filter>
    </ClInclude>
    <ClInclude Include="thread\Thread.h">
      <Filter>头文件</Filter>
    </ClInclude>
    <ClInclude Include="lualib\LuaFish.h">
      <Filter>头文件</Filter>
    </ClInclude>
    <ClInclude Include="lualib\LuaZeropack.h">
      <Filter>头文件</Filter>
    </ClInclude>
    <ClInclude Include="util\Allocator.h">
      <Filter>头文件</Filter>
    </ClInclude>
    <ClInclude Include="util\format.h">
      <Filter>头文件</Filter>
    </ClInclude>
    <ClInclude Include="util\List.h">
      <Filter>头文件</Filter>
    </ClInclude>
    <ClInclude Include="util\LuaAllocator.h">
      <Filter>头文件</Filter>
    </ClInclude>
    <ClInclude Include="util\MemoryStream.h">
      <Filter>头文件</Filter>
    </ClInclude>
    <ClInclude Include="util\MiniHeap.h">
      <Filter>头文件</Filter>
    </ClInclude>
    <ClInclude Include="util\MiniheapT.h">
      <Filter>头文件</Filter>
    </ClInclude>
    <ClInclude Include="util\ObjectPool.h">
      <Filter>头文件</Filter>
    </ClInclude>
    <ClInclude Include="util\PoolObject.h">
      <Filter>头文件</Filter>
    </ClInclude>
    <ClInclude Include="util\Singleton.h">
      <Filter>头文件</Filter>
    </ClInclude>
    <ClInclude Include="util\ZeroPack.h">
      <Filter>头文件</Filter>
    </ClInclude>
    <ClInclude Include="TaskQueue.h">
      <Filter>头文件</Filter>
    </ClInclude>
    <ClInclude Include="util\Util.h">
      <Filter>头文件</Filter>
    </ClInclude>
    <ClInclude Include="network\Address.h">
      <Filter>头文件</Filter>
    </ClInclude>
    <ClInclude Include="network\Writer.h">
      <Filter>头文件</Filter>
    </ClInclude>
    <ClInclude Include="lualib\LuaChannel.h">
      <Filter>头文件</Filter>
    </ClInclude>
    <ClInclude Include="lualib\LuaUtil.h">
      <Filter>头文件</Filter>
    </ClInclude>
    <ClInclude Include="logger\Logger.h">
      <Filter>头文件</Filter>
    </ClInclude>
    <ClInclude Include="logger\LoggerChannel.h">
      <Filter>头文件</Filter>
    </ClInclude>
    <ClInclude Include="logger\LoggerClient.h">
      <Filter>头文件</Filter>
    </ClInclude>
    <ClInclude Include="logger\LoggerHost.h">
      <Filter>头文件</Filter>
    </ClInclude>
    <ClInclude Include="logger\LoggerInterface.h">
      <Filter>头文件</Filter>
    </ClInclude>
    <ClInclude Include="network\HttpChannel.h">
      <Filter>头文件</Filter>
    </ClInclude>
    <ClInclude Include="time\TimerEngineT.h">
      <Filter>头文件</Filter>
    </ClInclude>
    <ClInclude Include="time\TimerHandler.h">
      <Filter>头文件</Filter>
    </ClInclude>
    <ClInclude Include="time\TimerHeap.h">
      <Filter>头文件</Filter>
    </ClInclude>
    <ClInclude Include="time\TimerWheel.h">
      <Filter>头文件</Filter>
    </ClInclude>
    <ClInclude Include="lualib\json\file.hpp">
      <Filter>头文件</Filter>
    </ClInclude>
    <ClInclude Include="lualib\json\luax.hpp">
      <Filter>头文件</Filter>
    </ClInclude>
    <ClInclude Include="lualib\json\Userdata.hpp">
      <Filter>头文件</Filter>
    </ClInclude>
    <ClInclude Include="lualib\json\values.hpp">
      <Filter>头文件</Filter>
    </ClInclude>
    <ClInclude Include="lualib\LuaHttpChannel.h">
      <Filter>头文件</Filter>
    </ClInclude>
    <ClInclude Include="util\linenoise.hpp">
      <Filter>头文件</Filter>
    </ClInclude>
    <ClInclude Include="util\StreamWriter.h">
      <Filter>头文件</Filter>
    </ClInclude>
    <ClInclude Include="util\StreamReader.h">
      <Filter>头文件</Filter>
    </ClInclude>
  </ItemGroup>
  <ItemGroup>
    <ClCompile Include="network\Channel.cpp">
      <Filter>源文件</Filter>
    </ClCompile>
    <ClCompile Include="network\Connector.cpp">
      <Filter>源文件</Filter>
    </ClCompile>
    <ClCompile Include="network\EventPoller.cpp">
      <Filter>源文件</Filter>
    </ClCompile>
    <ClCompile Include="network\Network.cpp">
      <Filter>源文件</Filter>
    </ClCompile>
    <ClCompile Include="network\Reader.cpp">
      <Filter>源文件</Filter>
    </ClCompile>
    <ClCompile Include="ServerApp.cpp">
      <Filter>源文件</Filter>
    </ClCompile>
    <ClCompile Include="time\Timestamp.cpp">
      <Filter>源文件</Filter>
    </ClCompile>
    <ClCompile Include="lualib\LuaFish.cpp">
      <Filter>源文件</Filter>
    </ClCompile>
    <ClCompile Include="lualib\LuaZeropack.cpp">
      <Filter>源文件</Filter>
    </ClCompile>
    <ClCompile Include="util\Allocator.cpp">
      <Filter>源文件</Filter>
    </ClCompile>
    <ClCompile Include="util\format.cc">
      <Filter>源文件</Filter>
    </ClCompile>
    <ClCompile Include="util\LuaAllocator.cpp">
      <Filter>源文件</Filter>
    </ClCompile>
    <ClCompile Include="util\MemoryStream.cpp">
      <Filter>源文件</Filter>
    </ClCompile>
    <ClCompile Include="util\MiniHeap.cpp">
      <Filter>源文件</Filter>
    </ClCompile>
    <ClCompile Include="util\ZeroPack.cpp">
      <Filter>源文件</Filter>
    </ClCompile>
    <ClCompile Include="util\Util.cpp">
      <Filter>源文件</Filter>
    </ClCompile>
    <ClCompile Include="time\Timer.cpp">
      <Filter>源文件</Filter>
    </ClCompile>
    <ClCompile Include="network\Acceptor.cpp">
      <Filter>源文件</Filter>
    </ClCompile>
    <ClCompile Include="network\Writer.cpp">
      <Filter>源文件</Filter>
    </ClCompile>
    <ClCompile Include="lualib\LuaChannel.cpp">
      <Filter>源文件</Filter>
    </ClCompile>
    <ClCompile Include="lualib\lua-seri.c">
      <Filter>源文件</Filter>
    </ClCompile>
    <ClCompile Include="lualib\LuaUtil.cpp">
      <Filter>源文件</Filter>
    </ClCompile>
    <ClCompile Include="logger\Logger.cpp">
      <Filter>源文件</Filter>
    </ClCompile>
    <ClCompile Include="logger\LoggerChannel.cpp">
      <Filter>源文件</Filter>
    </ClCompile>
    <ClCompile Include="logger\LoggerClient.cpp">
      <Filter>源文件</Filter>
    </ClCompile>
    <ClCompile Include="logger\LoggerHost.cpp">
      <Filter>源文件</Filter>
    </ClCompile>
    <ClCompile Include="network\HttpChannel.cpp">
      <Filter>源文件</Filter>
    </ClCompile>
    <ClCompile Include="time\TimerHeap.cpp">
      <Filter>源文件</Filter>
    </ClCompile>
    <ClCompile Include="time\TimerWheel.cpp">
      <Filter>源文件</Filter>
    </ClCompile>
    <ClCompile Include="lualib\json\Document.cpp">
      <Filter>源文件</Filter>
    </ClCompile>
    <ClCompile Include="lualib\json\rapidjson.cpp">
      <Filter>源文件</Filter>
    </ClCompile>
    <ClCompile Include="lualib\json\Schema.cpp">
      <Filter>源文件</Filter>
    </ClCompile>
    <ClCompile Include="lualib\json\values.cpp">
      <Filter>源文件</Filter>
    </ClCompile>
    <ClCompile Include="..\3rd\http-parser\http_parser.c">
      <Filter>源文件</Filter>
    </ClCompile>
    <ClCompile Include="lualib\LuaHttpChannel.cpp">
      <Filter>源文件</Filter>
    </ClCompile>
    <ClCompile Include="..\3rd\luafilesystem\src\lfs.c">
      <Filter>源文件</Filter>
    </ClCompile>
    <ClCompile Include="util\StreamWriter.cpp">
      <Filter>源文件</Filter>
    </ClCompile>
    <ClCompile Include="util\StreamReader.cpp">
      <Filter>源文件</Filter>
    </ClCompile>
  </ItemGroup>
</Project>