<?xml version="1.0" encoding="utf-8"?>
<Project ToolsVersion="4.0" xmlns="http://schemas.microsoft.com/developer/msbuild/2003">
  <ItemGroup>
    <Filter Include="源文件">
      <UniqueIdentifier>{4FC737F1-C7A5-4376-A066-2A32D752A2FF}</UniqueIdentifier>
      <Extensions>cpp;c;cc;cxx;def;odl;idl;hpj;bat;asm;asmx</Extensions>
    </Filter>
    <Filter Include="头文件">
      <UniqueIdentifier>{93995380-89BD-4b04-88EB-625FBE52EBFB}</UniqueIdentifier>
      <Extensions>h;hpp;hxx;hm;inl;inc;xsd</Extensions>
    </Filter>
    <Filter Include="资源文件">
      <UniqueIdentifier>{67DA6AB6-F800-4c08-8B7A-83BB121AAD01}</UniqueIdentifier>
      <Extensions>rc;ico;cur;bmp;dlg;rc2;rct;bin;rgs;gif;jpg;jpeg;jpe;resx;tiff;tif;png;wav;mfcribbon-ms</Extensions>
    </Filter>
  </ItemGroup>
  <ItemGroup>
    <None Include="Makefile" />
  </ItemGroup>
  <ItemGroup>
    <ClCompile Include="ServerApp.cpp">
      <Filter>源文件</Filter>
    </ClCompile>
    <ClCompile Include="network\EventPoller.cpp">
      <Filter>源文件</Filter>
    </ClCompile>
    <ClCompile Include="network\Network.cpp">
      <Filter>源文件</Filter>
    </ClCompile>
    <ClCompile Include="network\SelectPoller.cpp">
      <Filter>源文件</Filter>
    </ClCompile>
    <ClCompile Include="network\Session.cpp">
      <Filter>源文件</Filter>
    </ClCompile>
    <ClCompile Include="network\TcpReader.cpp">
      <Filter>源文件</Filter>
    </ClCompile>
    <ClCompile Include="thread\Thread.cpp">
      <Filter>源文件</Filter>
    </ClCompile>
    <ClCompile Include="network\Reader.cpp">
      <Filter>源文件</Filter>
    </ClCompile>
    <ClCompile Include="Logger.cpp">
      <Filter>源文件</Filter>
    </ClCompile>
    <ClCompile Include="lualib\LuaAcceptor.cpp">
      <Filter>源文件</Filter>
    </ClCompile>
    <ClCompile Include="lualib\LuaConnector.cpp">
      <Filter>源文件</Filter>
    </ClCompile>
    <ClCompile Include="lualib\LuaMongo.cpp">
      <Filter>源文件</Filter>
    </ClCompile>
    <ClCompile Include="lualib\LuaReader.cpp">
      <Filter>源文件</Filter>
    </ClCompile>
    <ClCompile Include="lualib\LuaTimer.cpp">
      <Filter>源文件</Filter>
    </ClCompile>
    <ClCompile Include="util\BufferHelper.cpp">
      <Filter>源文件</Filter>
    </ClCompile>
    <ClCompile Include="util\format.cc">
      <Filter>源文件</Filter>
    </ClCompile>
    <ClCompile Include="util\MemoryStream.cpp">
      <Filter>源文件</Filter>
    </ClCompile>
    <ClCompile Include="mongo\MongoBase.cpp">
      <Filter>源文件</Filter>
    </ClCompile>
    <ClCompile Include="mongo\MongoCursor.cpp">
      <Filter>源文件</Filter>
    </ClCompile>
    <ClCompile Include="mongo\MongoSession.cpp">
      <Filter>源文件</Filter>
    </ClCompile>
    <ClCompile Include="time\TimerManager.cpp">
      <Filter>源文件</Filter>
    </ClCompile>
    <ClCompile Include="time\Timestamp.cpp">
      <Filter>源文件</Filter>
    </ClCompile>
    <ClCompile Include="AppThread.cpp">
      <Filter>源文件</Filter>
    </ClCompile>
    <ClCompile Include="util\MessageWriter.cpp">
      <Filter>源文件</Filter>
    </ClCompile>
    <ClCompile Include="util\MessageReader.cpp">
      <Filter>源文件</Filter>
    </ClCompile>
    <ClCompile Include="util\ZeroPack.cpp">
      <Filter>源文件</Filter>
    </ClCompile>
    <ClCompile Include="lualib\LuaFish.cpp">
      <Filter>源文件</Filter>
    </ClCompile>
    <ClCompile Include="lualib\LuaSocket.cpp">
      <Filter>源文件</Filter>
    </ClCompile>
    <ClCompile Include="lualib\LuaServer.cpp">
      <Filter>源文件</Filter>
    </ClCompile>
    <ClCompile Include="aoi\AoiObject.cpp">
      <Filter>源文件</Filter>
    </ClCompile>
    <ClCompile Include="aoi\AoiManager.cpp">
      <Filter>源文件</Filter>
    </ClCompile>
    <ClCompile Include="aoi\AoiTower.cpp">
      <Filter>源文件</Filter>
    </ClCompile>
  </ItemGroup>
  <ItemGroup>
    <ClInclude Include="platform.h">
      <Filter>头文件</Filter>
    </ClInclude>
    <ClInclude Include="ServerApp.h">
      <Filter>头文件</Filter>
    </ClInclude>
    <ClInclude Include="Typedef.h">
      <Filter>头文件</Filter>
    </ClInclude>
    <ClInclude Include="network\Acceptor.h">
      <Filter>头文件</Filter>
    </ClInclude>
    <ClInclude Include="network\tcpreader.h">
      <Filter>头文件</Filter>
    </ClInclude>
    <ClInclude Include="network\Connector.h">
      <Filter>头文件</Filter>
    </ClInclude>
    <ClInclude Include="network\eventpoller.h">
      <Filter>头文件</Filter>
    </ClInclude>
    <ClInclude Include="network\interface.h">
      <Filter>头文件</Filter>
    </ClInclude>
    <ClInclude Include="network\network.h">
      <Filter>头文件</Filter>
    </ClInclude>
    <ClInclude Include="network\reader.h">
      <Filter>头文件</Filter>
    </ClInclude>
    <ClInclude Include="network\SelectPoller.h">
      <Filter>头文件</Filter>
    </ClInclude>
    <ClInclude Include="network\session.h">
      <Filter>头文件</Filter>
    </ClInclude>
    <ClInclude Include="thread\Mutex.h">
      <Filter>头文件</Filter>
    </ClInclude>
    <ClInclude Include="thread\thread.h">
      <Filter>头文件</Filter>
    </ClInclude>
    <ClInclude Include="Logger.h">
      <Filter>头文件</Filter>
    </ClInclude>
    <ClInclude Include="lualib\LuaAcceptor.h">
      <Filter>头文件</Filter>
    </ClInclude>
    <ClInclude Include="lualib\LuaConnector.h">
      <Filter>头文件</Filter>
    </ClInclude>
    <ClInclude Include="lualib\LuaMongo.h">
      <Filter>头文件</Filter>
    </ClInclude>
    <ClInclude Include="lualib\LuaReader.h">
      <Filter>头文件</Filter>
    </ClInclude>
    <ClInclude Include="lualib\LuaTimer.h">
      <Filter>头文件</Filter>
    </ClInclude>
    <ClInclude Include="util\BufferHelper.h">
      <Filter>头文件</Filter>
    </ClInclude>
    <ClInclude Include="util\format.h">
      <Filter>头文件</Filter>
    </ClInclude>
    <ClInclude Include="util\MemoryStream.h">
      <Filter>头文件</Filter>
    </ClInclude>
    <ClInclude Include="util\Singleton.h">
      <Filter>头文件</Filter>
    </ClInclude>
    <ClInclude Include="mongo\MongoSession.h">
      <Filter>头文件</Filter>
    </ClInclude>
    <ClInclude Include="mongo\MongoBase.h">
      <Filter>头文件</Filter>
    </ClInclude>
    <ClInclude Include="mongo\MongoCursor.h">
      <Filter>头文件</Filter>
    </ClInclude>
    <ClInclude Include="time\TimerHandler.h">
      <Filter>头文件</Filter>
    </ClInclude>
    <ClInclude Include="time\TimerManager.h">
      <Filter>头文件</Filter>
    </ClInclude>
    <ClInclude Include="util\ObjectPool.h">
      <Filter>头文件</Filter>
    </ClInclude>
    <ClInclude Include="util\List.h">
      <Filter>头文件</Filter>
    </ClInclude>
    <ClInclude Include="time\Timestamp.h">
      <Filter>头文件</Filter>
    </ClInclude>
    <ClInclude Include="AppThread.h">
      <Filter>头文件</Filter>
    </ClInclude>
    <ClInclude Include="util\MessageWriter.h">
      <Filter>头文件</Filter>
    </ClInclude>
    <ClInclude Include="util\MessageReader.h">
      <Filter>头文件</Filter>
    </ClInclude>
    <ClInclude Include="util\ZeroPack.h">
      <Filter>头文件</Filter>
    </ClInclude>
    <ClInclude Include="lualib\LuaFish.h">
      <Filter>头文件</Filter>
    </ClInclude>
    <ClInclude Include="lualib\LuaSocket.h">
      <Filter>头文件</Filter>
    </ClInclude>
    <ClInclude Include="lualib\LuaServer.h">
      <Filter>头文件</Filter>
    </ClInclude>
    <ClInclude Include="util\PoolObject.h">
      <Filter>头文件</Filter>
    </ClInclude>
    <ClInclude Include="ServerAcceptor.h">
      <Filter>头文件</Filter>
    </ClInclude>
    <ClInclude Include="ServerConnector.h">
      <Filter>头文件</Filter>
    </ClInclude>
    <ClInclude Include="aoi\AoiObject.h">
      <Filter>头文件</Filter>
    </ClInclude>
    <ClInclude Include="aoi\Common.h">
      <Filter>头文件</Filter>
    </ClInclude>
    <ClInclude Include="aoi\AoiManager.h">
      <Filter>头文件</Filter>
    </ClInclude>
    <ClInclude Include="aoi\AoiTower.h">
      <Filter>头文件</Filter>
    </ClInclude>
  </ItemGroup>
</Project>